
Microsoft Visual Studio Solution File, Format Version 12.00
# Visual Studio 14
VisualStudioVersion = 14.0.25420.1
MinimumVisualStudioVersion = 10.0.40219.1
Project("{E24C65DC-7377-472B-9ABA-BC803B73C61A}") = "WebSite", "WebSite\", "{04F53D2F-D777-4829-A0E5-2934EC0196F3}"
	ProjectSection(WebsiteProperties) = preProject
		TargetFrameworkMoniker = ".NETFramework,Version%3Dv4.5.2"
		Debug.AspNetCompiler.VirtualPath = "/localhost_2422"
		Debug.AspNetCompiler.PhysicalPath = "WebSite\"
		Debug.AspNetCompiler.TargetPath = "PrecompiledWeb\localhost_2422\"
		Debug.AspNetCompiler.Updateable = "true"
		Debug.AspNetCompiler.ForceOverwrite = "true"
		Debug.AspNetCompiler.FixedNames = "false"
		Debug.AspNetCompiler.Debug = "True"
		Release.AspNetCompiler.VirtualPath = "/localhost_2422"
		Release.AspNetCompiler.PhysicalPath = "WebSite\"
		Release.AspNetCompiler.TargetPath = "PrecompiledWeb\localhost_2422\"
		Release.AspNetCompiler.Updateable = "true"
		Release.AspNetCompiler.ForceOverwrite = "true"
		Release.AspNetCompiler.FixedNames = "false"
		Release.AspNetCompiler.Debug = "False"
		VWDPort = "2422"
		SlnRelativePath = "WebSite\"
		DefaultWebSiteLanguage = "Visual C#"
	EndProjectSection
EndProject
Project("{FAE04EC0-301F-11D3-BF4B-00C04F79EFBC}") = "Chinook.Data", "Chinook.Data\Chinook.Data.csproj", "{581B1121-4F0F-411A-BE0D-1DFC24E45025}"
EndProject
Project("{FAE04EC0-301F-11D3-BF4B-00C04F79EFBC}") = "ChinookSystem", "ChinookSystem\ChinookSystem.csproj", "{1D42F08E-7C1D-44BF-A5A0-2E89D426A6EB}"
EndProject
Global
	GlobalSection(SolutionConfigurationPlatforms) = preSolution
		Debug|Any CPU = Debug|Any CPU
		Release|Any CPU = Release|Any CPU
	EndGlobalSection
	GlobalSection(ProjectConfigurationPlatforms) = postSolution
		{04F53D2F-D777-4829-A0E5-2934EC0196F3}.Debug|Any CPU.ActiveCfg = Debug|Any CPU
		{04F53D2F-D777-4829-A0E5-2934EC0196F3}.Debug|Any CPU.Build.0 = Debug|Any CPU
		{04F53D2F-D777-4829-A0E5-2934EC0196F3}.Release|Any CPU.ActiveCfg = Debug|Any CPU
		{04F53D2F-D777-4829-A0E5-2934EC0196F3}.Release|Any CPU.Build.0 = Debug|Any CPU
		{581B1121-4F0F-411A-BE0D-1DFC24E45025}.Debug|Any CPU.ActiveCfg = Debug|Any CPU
		{581B1121-4F0F-411A-BE0D-1DFC24E45025}.Debug|Any CPU.Build.0 = Debug|Any CPU
		{581B1121-4F0F-411A-BE0D-1DFC24E45025}.Release|Any CPU.ActiveCfg = Release|Any CPU
		{581B1121-4F0F-411A-BE0D-1DFC24E45025}.Release|Any CPU.Build.0 = Release|Any CPU
		{1D42F08E-7C1D-44BF-A5A0-2E89D426A6EB}.Debug|Any CPU.ActiveCfg = Debug|Any CPU
		{1D42F08E-7C1D-44BF-A5A0-2E89D426A6EB}.Debug|Any CPU.Build.0 = Debug|Any CPU
		{1D42F08E-7C1D-44BF-A5A0-2E89D426A6EB}.Release|Any CPU.ActiveCfg = Release|Any CPU
		{1D42F08E-7C1D-44BF-A5A0-2E89D426A6EB}.Release|Any CPU.Build.0 = Release|Any CPU
	EndGlobalSection
	GlobalSection(SolutionProperties) = preSolution
		HideSolutionNode = FALSE
	EndGlobalSection
EndGlobal
